Microsoft Visual Studio Solution File, Format Version 12.00
# Visual Studio Version 17
VisualStudioVersion = 17.5.2.0
MinimumVisualStudioVersion = 10.0.40219.1
Project("{FAE04EC0-301F-11D3-BF4B-00C04F79EFBC}") = "gerenciador_usuarios", "gerenciador_usuarios.csproj", "{70E617CD-512E-FFC0-3871-5AE358FEA00D}"
EndProject
Global
	GlobalSection(SolutionConfigurationPlatforms) = preSolution
		Debug|Any CPU = Debug|Any CPU
		Release|Any CPU = Release|Any CPU
	EndGlobalSection
	GlobalSection(ProjectConfigurationPlatforms) = postSolution
		{70E617CD-512E-FFC0-3871-5AE358FEA00D}.Debug|Any CPU.ActiveCfg = Debug|Any CPU
		{70E617CD-512E-FFC0-3871-5AE358FEA00D}.Debug|Any CPU.Build.0 = Debug|Any CPU
		{70E617CD-512E-FFC0-3871-5AE358FEA00D}.Release|Any CPU.ActiveCfg = Release|Any CPU
		{70E617CD-512E-FFC0-3871-5AE358FEA00D}.Release|Any CPU.Build.0 = Release|Any CPU
	EndGlobalSection
	GlobalSection(SolutionProperties) = preSolution
		HideSolutionNode = FALSE
	EndGlobalSection
	GlobalSection(ExtensibilityGlobals) = postSolution
		SolutionGuid = {5EF111F1-A4DE-4AD6-8C59-E0BBB59D9C42}
	EndGlobalSection
EndGlobal
